PODS:
  - GHODictionary (1.1.0)
  - GRMustache (7.3.2):
    - JRSwizzle (~> 1.0)
  - JRSwizzle (1.0)
  - MPMessagePack (1.3.13):
    - GHODictionary
  - Q (0.9.0)
  - SCFFLD (0.9.3):
    - SCFFLD/noarc (= 0.9.3)
    - ZipArchive
  - SCFFLD/noarc (0.9.3):
    - ZipArchive
  - ZipArchive (1.4.0)

DEPENDENCIES:
  - GRMustache (~> 7.3.2)
  - MPMessagePack
  - Q
  - SCFFLD

SPEC CHECKSUMS:
  GHODictionary: 225e042596a4b3d5b66b2b24250086b2f95514af
  GRMustache: ebe6104fd30a6d22c1f36af131e19e2dbf7cd292
  JRSwizzle: dd5ead5d913a0f29e7f558200165849f006bb1e3
  MPMessagePack: d396c7164b24b00bfd5f0de3fda498b19a15525d
  Q: 003eeabd4b114fbaeec65d4bd970174fc6f4c71b
  SCFFLD: 19a1d31c9f62b495cd28e474c45928f15c6abe57
  ZipArchive: e25a4373192673e3229ac8d6e9f64a3e5713c966

PODFILE CHECKSUM: fd72c0fb93cd87a76ffe56b826688bdf8f11f589

COCOAPODS: 1.0.1
